
Microsoft Visual Studio Solution File, Format Version 12.00
# Visual Studio 2015
Project("{FAE04EC0-301F-11D3-BF4B-00C04F79EFBC}") = "Game2.CSharp", "Game2.CSharp.csproj", "{01C5F223-AEC5-F22C-DB58-22C99C3977BB}"
EndProject
Global
	GlobalSection(SolutionConfigurationPlatforms) = preSolution
		Debug|Any CPU = Debug|Any CPU
		Release|Any CPU = Release|Any CPU
	EndGlobalSection
	GlobalSection(ProjectConfigurationPlatforms) = postSolution
		{01C5F223-AEC5-F22C-DB58-22C99C3977BB}.Debug|Any CPU.ActiveCfg = Debug|Any CPU
		{01C5F223-AEC5-F22C-DB58-22C99C3977BB}.Debug|Any CPU.Build.0 = Debug|Any CPU
		{01C5F223-AEC5-F22C-DB58-22C99C3977BB}.Release|Any CPU.ActiveCfg = Release|Any CPU
		{01C5F223-AEC5-F22C-DB58-22C99C3977BB}.Release|Any CPU.Build.0 = Release|Any CPU
	EndGlobalSection
	GlobalSection(SolutionProperties) = preSolution
		HideSolutionNode = FALSE
	EndGlobalSection
EndGlobal
