
Microsoft Visual Studio Solution File, Format Version 12.00
# Visual Studio 2015
Project("{FAE04EC0-301F-11D3-BF4B-00C04F79EFBC}") = "Game2 - Copy - Copy - Copy.CSharp.Plugins", "Game2 - Copy - Copy - Copy.CSharp.Plugins.csproj", "{19E5ACFD-28F3-48CD-3D52-08B3AA74F682}"
EndProject
Project("{FAE04EC0-301F-11D3-BF4B-00C04F79EFBC}") = "Game2 - Copy - Copy - Copy.CSharp", "Game2 - Copy - Copy - Copy.CSharp.csproj", "{CF034863-4BDF-913E-F894-E676B72CD19F}"
EndProject
Global
	GlobalSection(SolutionConfigurationPlatforms) = preSolution
		Debug|Any CPU = Debug|Any CPU
		Release|Any CPU = Release|Any CPU
	EndGlobalSection
	GlobalSection(ProjectConfigurationPlatforms) = postSolution
		{19E5ACFD-28F3-48CD-3D52-08B3AA74F682}.Debug|Any CPU.ActiveCfg = Debug|Any CPU
		{19E5ACFD-28F3-48CD-3D52-08B3AA74F682}.Debug|Any CPU.Build.0 = Debug|Any CPU
		{19E5ACFD-28F3-48CD-3D52-08B3AA74F682}.Release|Any CPU.ActiveCfg = Release|Any CPU
		{19E5ACFD-28F3-48CD-3D52-08B3AA74F682}.Release|Any CPU.Build.0 = Release|Any CPU
		{CF034863-4BDF-913E-F894-E676B72CD19F}.Debug|Any CPU.ActiveCfg = Debug|Any CPU
		{CF034863-4BDF-913E-F894-E676B72CD19F}.Debug|Any CPU.Build.0 = Debug|Any CPU
		{CF034863-4BDF-913E-F894-E676B72CD19F}.Release|Any CPU.ActiveCfg = Release|Any CPU
		{CF034863-4BDF-913E-F894-E676B72CD19F}.Release|Any CPU.Build.0 = Release|Any CPU
	EndGlobalSection
	GlobalSection(SolutionProperties) = preSolution
		HideSolutionNode = FALSE
	EndGlobalSection
EndGlobal
