
Microsoft Visual Studio Solution File, Format Version 12.00
# Visual Studio 2015
Project("{FAE04EC0-301F-11D3-BF4B-00C04F79EFBC}") = "Game2 - Copy - Copy - Copy - Copy - Copy.CSharp.Plugins", "Game2 - Copy - Copy - Copy - Copy - Copy.CSharp.Plugins.csproj", "{44ADAAB6-C66F-7587-B907-2529AF31655C}"
EndProject
Project("{FAE04EC0-301F-11D3-BF4B-00C04F79EFBC}") = "Game2 - Copy - Copy - Copy - Copy - Copy.CSharp", "Game2 - Copy - Copy - Copy - Copy - Copy.CSharp.csproj", "{E4D9243F-3742-5BDD-1C43-5839548F20B1}"
EndProject
Global
	GlobalSection(SolutionConfigurationPlatforms) = preSolution
		Debug|Any CPU = Debug|Any CPU
		Release|Any CPU = Release|Any CPU
	EndGlobalSection
	GlobalSection(ProjectConfigurationPlatforms) = postSolution
		{44ADAAB6-C66F-7587-B907-2529AF31655C}.Debug|Any CPU.ActiveCfg = Debug|Any CPU
		{44ADAAB6-C66F-7587-B907-2529AF31655C}.Debug|Any CPU.Build.0 = Debug|Any CPU
		{44ADAAB6-C66F-7587-B907-2529AF31655C}.Release|Any CPU.ActiveCfg = Release|Any CPU
		{44ADAAB6-C66F-7587-B907-2529AF31655C}.Release|Any CPU.Build.0 = Release|Any CPU
		{E4D9243F-3742-5BDD-1C43-5839548F20B1}.Debug|Any CPU.ActiveCfg = Debug|Any CPU
		{E4D9243F-3742-5BDD-1C43-5839548F20B1}.Debug|Any CPU.Build.0 = Debug|Any CPU
		{E4D9243F-3742-5BDD-1C43-5839548F20B1}.Release|Any CPU.ActiveCfg = Release|Any CPU
		{E4D9243F-3742-5BDD-1C43-5839548F20B1}.Release|Any CPU.Build.0 = Release|Any CPU
	EndGlobalSection
	GlobalSection(SolutionProperties) = preSolution
		HideSolutionNode = FALSE
	EndGlobalSection
EndGlobal
