
Microsoft Visual Studio Solution File, Format Version 12.00
# Visual Studio 2015
Project("{FAE04EC0-301F-11D3-BF4B-00C04F79EFBC}") = "Game2 - Copy - Copy - Copy - Copy.CSharp.Plugins", "Game2 - Copy - Copy - Copy - Copy.CSharp.Plugins.csproj", "{D5E29797-701A-6B9F-623A-44811DA74194}"
EndProject
Project("{FAE04EC0-301F-11D3-BF4B-00C04F79EFBC}") = "Game2 - Copy - Copy - Copy - Copy.CSharp", "Game2 - Copy - Copy - Copy - Copy.CSharp.csproj", "{0C5BB3DE-8087-3515-2F94-4F964B768B4B}"
EndProject
Global
	GlobalSection(SolutionConfigurationPlatforms) = preSolution
		Debug|Any CPU = Debug|Any CPU
		Release|Any CPU = Release|Any CPU
	EndGlobalSection
	GlobalSection(ProjectConfigurationPlatforms) = postSolution
		{D5E29797-701A-6B9F-623A-44811DA74194}.Debug|Any CPU.ActiveCfg = Debug|Any CPU
		{D5E29797-701A-6B9F-623A-44811DA74194}.Debug|Any CPU.Build.0 = Debug|Any CPU
		{D5E29797-701A-6B9F-623A-44811DA74194}.Release|Any CPU.ActiveCfg = Release|Any CPU
		{D5E29797-701A-6B9F-623A-44811DA74194}.Release|Any CPU.Build.0 = Release|Any CPU
		{0C5BB3DE-8087-3515-2F94-4F964B768B4B}.Debug|Any CPU.ActiveCfg = Debug|Any CPU
		{0C5BB3DE-8087-3515-2F94-4F964B768B4B}.Debug|Any CPU.Build.0 = Debug|Any CPU
		{0C5BB3DE-8087-3515-2F94-4F964B768B4B}.Release|Any CPU.ActiveCfg = Release|Any CPU
		{0C5BB3DE-8087-3515-2F94-4F964B768B4B}.Release|Any CPU.Build.0 = Release|Any CPU
	EndGlobalSection
	GlobalSection(SolutionProperties) = preSolution
		HideSolutionNode = FALSE
	EndGlobalSection
EndGlobal
